
Microsoft Visual Studio Solution File, Format Version 12.00
# Visual Studio Version 16
VisualStudioVersion = 16.0.30002.166
MinimumVisualStudioVersion = 10.0.40219.1
Project("{9A19103F-16F7-4668-BE54-9A1E7A4F7556}") = "ScattergoriesBackend", "ScattergoriesBackend\ScattergoriesBackend.csproj", "{8DA60315-B775-4D9F-99FD-1DA9C07AE19B}"
EndProject
Project("{9A19103F-16F7-4668-BE54-9A1E7A4F7556}") = "ScattergoriesBackend.Tests", "ScattergoriesBackend.Tests\ScattergoriesBackend.Tests.csproj", "{8BADABFA-F6C3-4902-9BD4-0CE5B2A438C1}"
EndProject
Global
	GlobalSection(SolutionConfigurationPlatforms) = preSolution
		Debug|Any CPU = Debug|Any CPU
		Release|Any CPU = Release|Any CPU
	EndGlobalSection
	GlobalSection(ProjectConfigurationPlatforms) = postSolution
		{8DA60315-B775-4D9F-99FD-1DA9C07AE19B}.Debug|Any CPU.ActiveCfg = Debug|Any CPU
		{8DA60315-B775-4D9F-99FD-1DA9C07AE19B}.Debug|Any CPU.Build.0 = Debug|Any CPU
		{8DA60315-B775-4D9F-99FD-1DA9C07AE19B}.Release|Any CPU.ActiveCfg = Release|Any CPU
		{8DA60315-B775-4D9F-99FD-1DA9C07AE19B}.Release|Any CPU.Build.0 = Release|Any CPU
		{8BADABFA-F6C3-4902-9BD4-0CE5B2A438C1}.Debug|Any CPU.ActiveCfg = Debug|Any CPU
		{8BADABFA-F6C3-4902-9BD4-0CE5B2A438C1}.Debug|Any CPU.Build.0 = Debug|Any CPU
		{8BADABFA-F6C3-4902-9BD4-0CE5B2A438C1}.Release|Any CPU.ActiveCfg = Release|Any CPU
		{8BADABFA-F6C3-4902-9BD4-0CE5B2A438C1}.Release|Any CPU.Build.0 = Release|Any CPU
	EndGlobalSection
	GlobalSection(SolutionProperties) = preSolution
		HideSolutionNode = FALSE
	EndGlobalSection
	GlobalSection(ExtensibilityGlobals) = postSolution
		SolutionGuid = {5B835055-14A6-4699-9965-8418CD5CDB3F}
	EndGlobalSection
EndGlobal
